<?xml version="1.0" encoding="UTF-8"?>
<CONFIG>
  <ProjectOptions>
    <Version Value="12"/>
    <PathDelim Value="\"/>
    <General>
      <Flags>
        <MainUnitHasCreateFormStatements Value="False"/>
        <MainUnitHasTitleStatement Value="False"/>
        <MainUnitHasScaledStatement Value="False"/>
        <CompatibilityMode Value="True"/>
      </Flags>
      <Title Value="adminhelperd"/>
      <UseAppBundle Value="False"/>
      <ResourceType Value="res"/>
    </General>
    <i18n>
      <EnableI18N Value="True"/>
      <OutDir Value="\languages"/>
    </i18n>
    <VersionInfo>
      <UseVersionInfo Value="True"/>
      <AutoIncrementBuild Value="True"/>
      <MinorVersionNr Value="1"/>
      <RevisionNr Value="1"/>
    </VersionInfo>
    <BuildModes Count="4" Active="Linux">
      <Item1 Name="Default" Default="True"/>
      <Item2 Name="Debug">
        <CompilerOptions>
          <Version Value="11"/>
          <PathDelim Value="\"/>
          <Target>
            <Filename Value="adminhelperd.new"/>
          </Target>
          <SearchPaths>
            <IncludeFiles Value="$(ProjOutDir)"/>
            <OtherUnitFiles Value="NaiveBayesClassifier;Emoji"/>
            <UnitOutputDirectory Value="lib\$(TargetCPU)-$(TargetOS)"/>
          </SearchPaths>
          <Parsing>
            <SyntaxOptions>
              <IncludeAssertionCode Value="True"/>
            </SyntaxOptions>
          </Parsing>
          <CodeGeneration>
            <Checks>
              <IOChecks Value="True"/>
              <RangeChecks Value="True"/>
              <OverflowChecks Value="True"/>
              <StackChecks Value="True"/>
            </Checks>
            <VerifyObjMethodCallValidity Value="True"/>
          </CodeGeneration>
          <Linking>
            <Debugging>
              <DebugInfoType Value="dsDwarf2Set"/>
              <UseHeaptrc Value="True"/>
              <TrashVariables Value="True"/>
              <UseExternalDbgSyms Value="True"/>
            </Debugging>
            <Options>
              <Win32>
                <GraphicApplication Value="True"/>
              </Win32>
            </Options>
          </Linking>
          <Other>
            <CustomOptions Value="-dUseCThreads"/>
          </Other>
        </CompilerOptions>
      </Item2>
      <Item3 Name="Release">
        <CompilerOptions>
          <Version Value="11"/>
          <PathDelim Value="\"/>
          <Target>
            <Filename Value="adminhelperd.new"/>
          </Target>
          <SearchPaths>
            <IncludeFiles Value="$(ProjOutDir)"/>
            <OtherUnitFiles Value="NaiveBayesClassifier;Emoji"/>
          </SearchPaths>
          <CodeGeneration>
            <SmartLinkUnit Value="True"/>
            <Optimizations>
              <OptimizationLevel Value="3"/>
            </Optimizations>
          </CodeGeneration>
          <Linking>
            <Debugging>
              <GenerateDebugInfo Value="False"/>
            </Debugging>
            <LinkSmart Value="True"/>
          </Linking>
          <Other>
            <CompilerMessages>
              <IgnoredMessages idx6058="True"/>
            </CompilerMessages>
            <CustomOptions Value="-dUseCThreads"/>
          </Other>
        </CompilerOptions>
      </Item3>
      <Item4 Name="Linux">
        <MacroValues Count="1">
          <Macro1 Name="LCLWidgetType" Value="nogui"/>
        </MacroValues>
        <CompilerOptions>
          <Version Value="11"/>
          <PathDelim Value="\"/>
          <Target>
            <Filename Value="adminhelperd.new"/>
          </Target>
          <SearchPaths>
            <IncludeFiles Value="$(ProjOutDir)"/>
            <OtherUnitFiles Value="NaiveBayesClassifier;Emoji"/>
            <UnitOutputDirectory Value="lib\$(TargetCPU)-$(TargetOS)"/>
          </SearchPaths>
          <CodeGeneration>
            <SmartLinkUnit Value="True"/>
            <TargetCPU Value="x86_64"/>
            <TargetOS Value="linux"/>
            <Optimizations>
              <OptimizationLevel Value="3"/>
            </Optimizations>
          </CodeGeneration>
          <Linking>
            <Debugging>
              <GenerateDebugInfo Value="False"/>
              <DebugInfoType Value="dsDwarf2Set"/>
              <StripSymbols Value="True"/>
            </Debugging>
            <LinkSmart Value="True"/>
          </Linking>
          <Other>
            <CompilerMessages>
              <IgnoredMessages idx6058="True" idx3124="True" idx3123="True" idx3104="True"/>
            </CompilerMessages>
            <CustomOptions Value="-dUseCThreads -dpoi18n"/>
            <OtherDefines Count="2">
              <Define0 Value="UseCThreads"/>
              <Define1 Value="SynapseHTTP"/>
            </OtherDefines>
          </Other>
        </CompilerOptions>
      </Item4>
      <SharedMatrixOptions Count="1">
        <Item1 ID="405140618928" Modes="Linux" Type="IDEMacro" MacroName="LCLWidgetType" Value="nogui"/>
      </SharedMatrixOptions>
    </BuildModes>
    <PublishOptions>
      <Version Value="2"/>
    </PublishOptions>
    <RunParams>
      <local>
        <CommandLineParams Value="--install"/>
      </local>
      <FormatVersion Value="2"/>
      <Modes Count="1">
        <Mode0 Name="default">
          <local>
            <CommandLineParams Value="--install"/>
          </local>
        </Mode0>
      </Modes>
    </RunParams>
    <RequiredPackages Count="7">
      <Item1>
        <PackageName Value="TaskWorkerPkg"/>
      </Item1>
      <Item2>
        <PackageName Value="BrookRT"/>
      </Item2>
      <Item3>
        <PackageName Value="brooktb"/>
      </Item3>
      <Item4>
        <PackageName Value="BrookTelegram"/>
      </Item4>
      <Item5>
        <PackageName Value="dOpfRT"/>
      </Item5>
      <Item6>
        <PackageName Value="LazUtils"/>
      </Item6>
      <Item7>
        <PackageName Value="fptelegram"/>
        <MinVersion Release="6" Valid="True"/>
      </Item7>
    </RequiredPackages>
    <Units Count="35">
      <Unit0>
        <Filename Value="adminhelperd.lpr"/>
        <IsPartOfProject Value="True"/>
        <EditorIndex Value="9"/>
        <CursorPos X="42" Y="8"/>
        <UsageCount Value="200"/>
        <Loaded Value="True"/>
      </Unit0>
      <Unit1>
        <Filename Value="..\HelperBots\brokers.pas"/>
        <EditorIndex Value="-1"/>
        <CursorPos X="33" Y="14"/>
        <UsageCount Value="44"/>
      </Unit1>
      <Unit2>
        <Filename Value="..\HelperBots\configuration.pas"/>
        <EditorIndex Value="-1"/>
        <TopLine Value="34"/>
        <CursorPos X="31" Y="30"/>
        <UsageCount Value="51"/>
      </Unit2>
      <Unit3>
        <Filename Value="..\HelperBots\str_resources.pas"/>
        <EditorIndex Value="-1"/>
        <TopLine Value="4"/>
        <CursorPos X="76" Y="10"/>
        <UsageCount Value="84"/>
      </Unit3>
      <Unit4>
        <Filename Value="..\brook-telegram\brooktelegramaction.pas"/>
        <EditorIndex Value="-1"/>
        <CursorPos X="3" Y="61"/>
        <UsageCount Value="107"/>
      </Unit4>
      <Unit5>
        <Filename Value="..\fp-telegram\tgsendertypes.pas"/>
        <EditorIndex Value="-1"/>
        <TopLine Value="2325"/>
        <CursorPos X="55" Y="2353"/>
        <UsageCount Value="8"/>
      </Unit5>
      <Unit6>
        <Filename Value="C:\lazarus-stable\ccr\brookfreepascal\brokers\Tardigrade\brooktardigradebroker.pas"/>
        <UnitName Value="BrookTardigradeBroker"/>
        <EditorIndex Value="-1"/>
        <TopLine Value="28"/>
        <CursorPos X="14" Y="41"/>
        <UsageCount Value="158"/>
      </Unit6>
      <Unit7>
        <Filename Value="..\HelperBots\proxyutils.pas"/>
        <EditorIndex Value="-1"/>
        <TopLine Value="50"/>
        <CursorPos X="3" Y="101"/>
        <UsageCount Value="88"/>
      </Unit7>
      <Unit8>
        <Filename Value="..\taskworker\taskworker.pas"/>
        <EditorIndex Value="-1"/>
        <TopLine Value="24"/>
        <CursorPos X="15" Y="36"/>
        <UsageCount Value="112"/>
      </Unit8>
      <Unit9>
        <Filename Value="..\HelperBots\actionalgebric.pas"/>
        <EditorIndex Value="-1"/>
        <TopLine Value="715"/>
        <CursorPos X="24" Y="722"/>
        <UsageCount Value="69"/>
      </Unit9>
      <Unit10>
        <Filename Value="..\HelperBots\actionalgebricbot.pas"/>
        <EditorIndex Value="-1"/>
        <TopLine Value="57"/>
        <CursorPos X="3" Y="15"/>
        <UsageCount Value="55"/>
      </Unit10>
      <Unit11>
        <Filename Value="..\brook-telegram\brk_tg_config.pas"/>
        <EditorIndex Value="-1"/>
        <TopLine Value="103"/>
        <CursorPos X="11" Y="116"/>
        <UsageCount Value="142"/>
      </Unit11>
      <Unit12>
        <Filename Value="..\CurrencyRates\cbrvalutes.pas"/>
        <EditorIndex Value="-1"/>
        <TopLine Value="208"/>
        <CursorPos X="3" Y="92"/>
        <UsageCount Value="79"/>
      </Unit12>
      <Unit13>
        <Filename Value="..\CurrencyRates\cryptocompare.pas"/>
        <EditorIndex Value="-1"/>
        <TopLine Value="32"/>
        <CursorPos X="3" Y="104"/>
        <UsageCount Value="79"/>
      </Unit13>
      <Unit14>
        <Filename Value="..\HelperBots\amanexbot.pas"/>
        <EditorIndex Value="-1"/>
        <TopLine Value="349"/>
        <CursorPos X="33" Y="365"/>
        <UsageCount Value="44"/>
      </Unit14>
      <Unit15>
        <Filename Value="..\HelperBots\amanex_orm.pas"/>
        <EditorIndex Value="-1"/>
        <TopLine Value="70"/>
        <CursorPos Y="94"/>
        <UsageCount Value="64"/>
      </Unit15>
      <Unit16>
        <Filename Value="adminhelper_orm.pas"/>
        <IsPartOfProject Value="True"/>
        <EditorIndex Value="7"/>
        <TopLine Value="250"/>
        <CursorPos X="51" Y="272"/>
        <UsageCount Value="241"/>
        <Loaded Value="True"/>
      </Unit16>
      <Unit17>
        <Filename Value="..\HelperBots\config_loader.pas"/>
        <EditorIndex Value="-1"/>
        <CursorPos Y="10"/>
        <UsageCount Value="210"/>
      </Unit17>
      <Unit18>
        <Filename Value="..\fp-telegram\tgutils.pas"/>
        <EditorIndex Value="-1"/>
        <TopLine Value="2"/>
        <CursorPos X="10" Y="18"/>
        <UsageCount Value="25"/>
      </Unit18>
      <Unit19>
        <Filename Value="..\botbulksender\botbulk.pas"/>
        <UnitName Value="BotBulk"/>
        <EditorIndex Value="-1"/>
        <TopLine Value="196"/>
        <CursorPos Y="219"/>
        <UsageCount Value="55"/>
      </Unit19>
      <Unit20>
        <Filename Value="actionadminhelper.pas"/>
        <IsPartOfProject Value="True"/>
        <TopLine Value="218"/>
        <CursorPos X="27" Y="230"/>
        <UsageCount Value="257"/>
        <Loaded Value="True"/>
      </Unit20>
      <Unit21>
        <Filename Value="adminhelper_conf.pas"/>
        <IsPartOfProject Value="True"/>
        <EditorIndex Value="8"/>
        <TopLine Value="48"/>
        <CursorPos X="16" Y="47"/>
        <UsageCount Value="207"/>
        <Loaded Value="True"/>
      </Unit21>
      <Unit22>
        <Filename Value="brokers.pas"/>
        <IsPartOfProject Value="True"/>
        <EditorIndex Value="10"/>
        <CursorPos X="83" Y="8"/>
        <UsageCount Value="200"/>
        <Loaded Value="True"/>
      </Unit22>
      <Unit23>
        <Filename Value="..\..\brook-telegram\brooktelegramaction.pas"/>
        <EditorIndex Value="-1"/>
        <TopLine Value="12"/>
        <CursorPos X="17" Y="25"/>
        <UsageCount Value="50"/>
      </Unit23>
      <Unit24>
        <Filename Value="..\..\fp-telegram\tgsendertypes.pas"/>
        <EditorIndex Value="-1"/>
        <TopLine Value="558"/>
        <CursorPos X="31" Y="577"/>
        <UsageCount Value="54"/>
      </Unit24>
      <Unit25>
        <Filename Value="..\..\fp-telegram\bot_ex\tgbot.pas"/>
        <EditorIndex Value="-1"/>
        <TopLine Value="4"/>
        <CursorPos Y="12"/>
        <UsageCount Value="31"/>
      </Unit25>
      <Unit26>
        <Filename Value="NaiveBayesClassifier\spamfilter.pas"/>
        <IsPartOfProject Value="True"/>
        <EditorIndex Value="6"/>
        <TopLine Value="75"/>
        <CursorPos X="3" Y="77"/>
        <UsageCount Value="208"/>
        <Loaded Value="True"/>
      </Unit26>
      <Unit27>
        <Filename Value="spamfilter_implementer.pas"/>
        <IsPartOfProject Value="True"/>
        <EditorIndex Value="4"/>
        <TopLine Value="19"/>
        <CursorPos X="28" Y="42"/>
        <UsageCount Value="208"/>
        <Loaded Value="True"/>
      </Unit27>
      <Unit28>
        <Filename Value="spamfilter_worker.pas"/>
        <IsPartOfProject Value="True"/>
        <EditorIndex Value="2"/>
        <TopLine Value="143"/>
        <CursorPos X="3" Y="147"/>
        <UsageCount Value="213"/>
        <Loaded Value="True"/>
      </Unit28>
      <Unit29>
        <Filename Value="..\..\taskworker\taskworker.pas"/>
        <EditorIndex Value="3"/>
        <TopLine Value="102"/>
        <CursorPos X="19" Y="114"/>
        <UsageCount Value="17"/>
        <Loaded Value="True"/>
      </Unit29>
      <Unit30>
        <Filename Value="telegram_cmn.pas"/>
        <IsPartOfProject Value="True"/>
        <IsVisibleTab Value="True"/>
        <EditorIndex Value="1"/>
        <TopLine Value="151"/>
        <CursorPos X="88" Y="163"/>
        <UsageCount Value="217"/>
        <Loaded Value="True"/>
      </Unit30>
      <Unit31>
        <Filename Value="Emoji\emojiutils.pas"/>
        <IsPartOfProject Value="True"/>
        <EditorIndex Value="5"/>
        <TopLine Value="28"/>
        <CursorPos X="10" Y="12"/>
        <UsageCount Value="256"/>
        <Loaded Value="True"/>
      </Unit31>
      <Unit32>
        <Filename Value="C:\lazarus-stable\fpcsrc\rtl\objpas\classes\classesh.inc"/>
        <EditorIndex Value="-1"/>
        <TopLine Value="349"/>
        <CursorPos X="15" Y="360"/>
        <UsageCount Value="8"/>
      </Unit32>
      <Unit33>
        <Filename Value="C:\lazarus-stable\fpcsrc\rtl\objpas\classes\lists.inc"/>
        <EditorIndex Value="-1"/>
        <TopLine Value="990"/>
        <CursorPos X="5" Y="992"/>
        <UsageCount Value="8"/>
      </Unit33>
      <Unit34>
        <Filename Value="C:\lazarus-4.0\fpcsrc\rtl\objpas\classes\classesh.inc"/>
        <EditorIndex Value="-1"/>
        <TopLine Value="2291"/>
        <CursorPos X="10" Y="2316"/>
        <UsageCount Value="10"/>
      </Unit34>
    </Units>
    <OtherDefines Count="2">
      <Define0 Value="UseCThreads"/>
      <Define1 Value="SynapseHTTP"/>
    </OtherDefines>
    <JumpHistory Count="29" HistoryIndex="28">
      <Position1>
        <Filename Value="adminhelper_orm.pas"/>
        <Caret Line="102" Column="3"/>
      </Position1>
      <Position2>
        <Filename Value="adminhelper_orm.pas"/>
        <Caret Line="234" Column="36" TopLine="212"/>
      </Position2>
      <Position3>
        <Filename Value="adminhelper_orm.pas"/>
        <Caret Line="245" Column="48" TopLine="223"/>
      </Position3>
      <Position4>
        <Filename Value="adminhelper_orm.pas"/>
        <Caret Line="256" Column="50" TopLine="234"/>
      </Position4>
      <Position5>
        <Filename Value="actionadminhelper.pas"/>
        <Caret Line="31" Column="22" TopLine="21"/>
      </Position5>
      <Position6>
        <Filename Value="actionadminhelper.pas"/>
        <Caret Line="225" Column="3" TopLine="221"/>
      </Position6>
      <Position7>
        <Filename Value="telegram_cmn.pas"/>
        <Caret Line="30" Column="15" TopLine="18"/>
      </Position7>
      <Position8>
        <Filename Value="actionadminhelper.pas"/>
        <Caret Line="225" Column="41" TopLine="221"/>
      </Position8>
      <Position9>
        <Filename Value="spamfilter_worker.pas"/>
        <Caret Line="61" Column="15" TopLine="48"/>
      </Position9>
      <Position10>
        <Filename Value="spamfilter_worker.pas"/>
        <Caret Line="197" Column="3" TopLine="190"/>
      </Position10>
      <Position11>
        <Filename Value="actionadminhelper.pas"/>
        <Caret Line="225" Column="41" TopLine="221"/>
      </Position11>
      <Position12>
        <Filename Value="spamfilter_worker.pas"/>
        <Caret Line="56" Column="15" TopLine="47"/>
      </Position12>
      <Position13>
        <Filename Value="spamfilter_worker.pas"/>
        <Caret Line="147" Column="3" TopLine="143"/>
      </Position13>
      <Position14>
        <Filename Value="telegram_cmn.pas"/>
        <Caret Line="37" Column="15" TopLine="24"/>
      </Position14>
      <Position15>
        <Filename Value="telegram_cmn.pas"/>
        <Caret Line="241" Column="3" TopLine="238"/>
      </Position15>
      <Position16>
        <Filename Value="telegram_cmn.pas"/>
        <Caret Line="36" Column="15" TopLine="25"/>
      </Position16>
      <Position17>
        <Filename Value="telegram_cmn.pas"/>
        <Caret Line="221" Column="3" TopLine="216"/>
      </Position17>
      <Position18>
        <Filename Value="telegram_cmn.pas"/>
        <Caret Line="34" Column="15" TopLine="22"/>
      </Position18>
      <Position19>
        <Filename Value="actionadminhelper.pas"/>
        <Caret Line="225" Column="41" TopLine="221"/>
      </Position19>
      <Position20>
        <Filename Value="telegram_cmn.pas"/>
        <Caret Line="190" Column="41" TopLine="189"/>
      </Position20>
      <Position21>
        <Filename Value="telegram_cmn.pas"/>
        <Caret Line="236" Column="19" TopLine="214"/>
      </Position21>
      <Position22>
        <Filename Value="telegram_cmn.pas"/>
        <Caret Line="34" Column="31" TopLine="22"/>
      </Position22>
      <Position23>
        <Filename Value="telegram_cmn.pas"/>
        <Caret Line="190" Column="41" TopLine="186"/>
      </Position23>
      <Position24>
        <Filename Value="actionadminhelper.pas"/>
        <Caret Line="280" Column="27" TopLine="262"/>
      </Position24>
      <Position25>
        <Filename Value="actionadminhelper.pas"/>
        <Caret Line="31" Column="15" TopLine="16"/>
      </Position25>
      <Position26>
        <Filename Value="actionadminhelper.pas"/>
        <Caret Line="240" Column="51" TopLine="222"/>
      </Position26>
      <Position27>
        <Filename Value="actionadminhelper.pas"/>
        <Caret Line="230" Column="53" TopLine="218"/>
      </Position27>
      <Position28>
        <Filename Value="NaiveBayesClassifier\spamfilter.pas"/>
        <Caret Line="34" Column="15" TopLine="21"/>
      </Position28>
      <Position29>
        <Filename Value="NaiveBayesClassifier\spamfilter.pas"/>
        <Caret Line="77" Column="3" TopLine="75"/>
      </Position29>
    </JumpHistory>
  </ProjectOptions>
  <CompilerOptions>
    <Version Value="11"/>
    <PathDelim Value="\"/>
    <Target>
      <Filename Value="adminhelperd.new"/>
    </Target>
    <SearchPaths>
      <IncludeFiles Value="$(ProjOutDir)"/>
      <OtherUnitFiles Value="..\IAmBot;NaiveBayesClassifier;Emoji"/>
    </SearchPaths>
    <Linking>
      <Options>
        <Win32>
          <GraphicApplication Value="True"/>
        </Win32>
      </Options>
    </Linking>
    <Other>
      <CustomOptions Value="-dUseCThreads"/>
    </Other>
  </CompilerOptions>
  <Debugging>
    <Exceptions Count="3">
      <Item1>
        <Name Value="EAbort"/>
      </Item1>
      <Item2>
        <Name Value="ECodetoolError"/>
      </Item2>
      <Item3>
        <Name Value="EFOpenError"/>
      </Item3>
    </Exceptions>
  </Debugging>
</CONFIG>
