<?xml version="1.0" encoding="UTF-8"?>
<CONFIG>
  <ProjectOptions>
    <Version Value="12"/>
    <PathDelim Value="\"/>
    <General>
      <Flags>
        <MainUnitHasCreateFormStatements Value="False"/>
        <MainUnitHasTitleStatement Value="False"/>
        <MainUnitHasScaledStatement Value="False"/>
        <CompatibilityMode Value="True"/>
      </Flags>
      <Title Value="adminhelperd"/>
      <UseAppBundle Value="False"/>
      <ResourceType Value="res"/>
    </General>
    <i18n>
      <EnableI18N Value="True"/>
      <OutDir Value="\languages"/>
    </i18n>
    <VersionInfo>
      <UseVersionInfo Value="True"/>
      <AutoIncrementBuild Value="True"/>
      <MinorVersionNr Value="1"/>
      <RevisionNr Value="1"/>
      <BuildNr Value="43"/>
    </VersionInfo>
    <BuildModes Count="4" Active="Linux">
      <Item1 Name="Default" Default="True"/>
      <Item2 Name="Debug">
        <CompilerOptions>
          <Version Value="11"/>
          <PathDelim Value="\"/>
          <Target>
            <Filename Value="adminhelperd.new"/>
          </Target>
          <SearchPaths>
            <IncludeFiles Value="$(ProjOutDir)"/>
            <OtherUnitFiles Value="NaiveBayesClassifier;Emoji"/>
            <UnitOutputDirectory Value="lib\$(TargetCPU)-$(TargetOS)"/>
          </SearchPaths>
          <Parsing>
            <SyntaxOptions>
              <IncludeAssertionCode Value="True"/>
            </SyntaxOptions>
          </Parsing>
          <CodeGeneration>
            <Checks>
              <IOChecks Value="True"/>
              <RangeChecks Value="True"/>
              <OverflowChecks Value="True"/>
              <StackChecks Value="True"/>
            </Checks>
            <VerifyObjMethodCallValidity Value="True"/>
          </CodeGeneration>
          <Linking>
            <Debugging>
              <DebugInfoType Value="dsDwarf2Set"/>
              <UseHeaptrc Value="True"/>
              <TrashVariables Value="True"/>
              <UseExternalDbgSyms Value="True"/>
            </Debugging>
            <Options>
              <Win32>
                <GraphicApplication Value="True"/>
              </Win32>
            </Options>
          </Linking>
          <Other>
            <CustomOptions Value="-dUseCThreads"/>
          </Other>
        </CompilerOptions>
      </Item2>
      <Item3 Name="Release">
        <CompilerOptions>
          <Version Value="11"/>
          <PathDelim Value="\"/>
          <Target>
            <Filename Value="adminhelperd.new"/>
          </Target>
          <SearchPaths>
            <IncludeFiles Value="$(ProjOutDir)"/>
            <OtherUnitFiles Value="NaiveBayesClassifier;Emoji"/>
          </SearchPaths>
          <CodeGeneration>
            <SmartLinkUnit Value="True"/>
            <Optimizations>
              <OptimizationLevel Value="3"/>
            </Optimizations>
          </CodeGeneration>
          <Linking>
            <Debugging>
              <GenerateDebugInfo Value="False"/>
            </Debugging>
            <LinkSmart Value="True"/>
          </Linking>
          <Other>
            <CompilerMessages>
              <IgnoredMessages idx6058="True"/>
            </CompilerMessages>
            <CustomOptions Value="-dUseCThreads"/>
          </Other>
        </CompilerOptions>
      </Item3>
      <Item4 Name="Linux">
        <MacroValues Count="1">
          <Macro1 Name="LCLWidgetType" Value="nogui"/>
        </MacroValues>
        <CompilerOptions>
          <Version Value="11"/>
          <PathDelim Value="\"/>
          <Target>
            <Filename Value="../debian/usr/bin/tgadmin"/>
          </Target>
          <SearchPaths>
            <IncludeFiles Value="$(ProjOutDir)"/>
            <OtherUnitFiles Value="NaiveBayesClassifier;Emoji"/>
            <UnitOutputDirectory Value="lib\$(TargetCPU)-$(TargetOS)"/>
          </SearchPaths>
          <CodeGeneration>
            <SmartLinkUnit Value="True"/>
            <TargetCPU Value="x86_64"/>
            <TargetOS Value="linux"/>
            <Optimizations>
              <OptimizationLevel Value="3"/>
            </Optimizations>
          </CodeGeneration>
          <Linking>
            <Debugging>
              <GenerateDebugInfo Value="False"/>
              <DebugInfoType Value="dsDwarf2Set"/>
              <StripSymbols Value="True"/>
            </Debugging>
            <LinkSmart Value="True"/>
          </Linking>
          <Other>
            <CompilerMessages>
              <IgnoredMessages idx6058="True" idx3124="True" idx3123="True" idx3104="True"/>
            </CompilerMessages>
            <CustomOptions Value="-dUseCThreads -dpoi18n"/>
            <OtherDefines Count="2">
              <Define0 Value="UseCThreads"/>
              <Define1 Value="SynapseHTTP"/>
            </OtherDefines>
          </Other>
        </CompilerOptions>
      </Item4>
      <SharedMatrixOptions Count="1">
        <Item1 ID="405140618928" Modes="Linux" Type="IDEMacro" MacroName="LCLWidgetType" Value="nogui"/>
      </SharedMatrixOptions>
    </BuildModes>
    <PublishOptions>
      <Version Value="2"/>
    </PublishOptions>
    <RunParams>
      <local>
        <CommandLineParams Value="--install"/>
      </local>
      <FormatVersion Value="2"/>
      <Modes Count="1">
        <Mode0 Name="default">
          <local>
            <CommandLineParams Value="--install"/>
          </local>
        </Mode0>
      </Modes>
    </RunParams>
    <RequiredPackages Count="7">
      <Item1>
        <PackageName Value="TaskWorkerPkg"/>
      </Item1>
      <Item2>
        <PackageName Value="BrookRT"/>
      </Item2>
      <Item3>
        <PackageName Value="brooktb"/>
      </Item3>
      <Item4>
        <PackageName Value="BrookTelegram"/>
      </Item4>
      <Item5>
        <PackageName Value="dOpfRT"/>
      </Item5>
      <Item6>
        <PackageName Value="LazUtils"/>
      </Item6>
      <Item7>
        <PackageName Value="fptelegram"/>
        <MinVersion Release="10" Valid="True"/>
      </Item7>
    </RequiredPackages>
    <Units Count="27">
      <Unit0>
        <Filename Value="adminhelperd.lpr"/>
        <IsPartOfProject Value="True"/>
        <EditorIndex Value="10"/>
        <CursorPos X="42" Y="8"/>
        <UsageCount Value="200"/>
        <Loaded Value="True"/>
      </Unit0>
      <Unit1>
        <Filename Value="..\HelperBots\str_resources.pas"/>
        <EditorIndex Value="-1"/>
        <TopLine Value="4"/>
        <CursorPos X="76" Y="10"/>
        <UsageCount Value="24"/>
      </Unit1>
      <Unit2>
        <Filename Value="..\brook-telegram\brooktelegramaction.pas"/>
        <EditorIndex Value="-1"/>
        <CursorPos X="3" Y="61"/>
        <UsageCount Value="47"/>
      </Unit2>
      <Unit3>
        <Filename Value="C:\lazarus-stable\ccr\brookfreepascal\brokers\Tardigrade\brooktardigradebroker.pas"/>
        <UnitName Value="BrookTardigradeBroker"/>
        <EditorIndex Value="-1"/>
        <TopLine Value="28"/>
        <CursorPos X="14" Y="41"/>
        <UsageCount Value="98"/>
      </Unit3>
      <Unit4>
        <Filename Value="..\HelperBots\proxyutils.pas"/>
        <EditorIndex Value="-1"/>
        <TopLine Value="50"/>
        <CursorPos X="3" Y="101"/>
        <UsageCount Value="28"/>
      </Unit4>
      <Unit5>
        <Filename Value="..\taskworker\taskworker.pas"/>
        <EditorIndex Value="-1"/>
        <TopLine Value="24"/>
        <CursorPos X="15" Y="36"/>
        <UsageCount Value="52"/>
      </Unit5>
      <Unit6>
        <Filename Value="..\HelperBots\actionalgebric.pas"/>
        <EditorIndex Value="-1"/>
        <TopLine Value="715"/>
        <CursorPos X="24" Y="722"/>
        <UsageCount Value="9"/>
      </Unit6>
      <Unit7>
        <Filename Value="..\brook-telegram\brk_tg_config.pas"/>
        <EditorIndex Value="-1"/>
        <TopLine Value="103"/>
        <CursorPos X="11" Y="116"/>
        <UsageCount Value="82"/>
      </Unit7>
      <Unit8>
        <Filename Value="..\CurrencyRates\cbrvalutes.pas"/>
        <EditorIndex Value="-1"/>
        <TopLine Value="208"/>
        <CursorPos X="3" Y="92"/>
        <UsageCount Value="19"/>
      </Unit8>
      <Unit9>
        <Filename Value="..\CurrencyRates\cryptocompare.pas"/>
        <EditorIndex Value="-1"/>
        <TopLine Value="32"/>
        <CursorPos X="3" Y="104"/>
        <UsageCount Value="19"/>
      </Unit9>
      <Unit10>
        <Filename Value="..\HelperBots\amanex_orm.pas"/>
        <EditorIndex Value="-1"/>
        <TopLine Value="70"/>
        <CursorPos Y="94"/>
        <UsageCount Value="4"/>
      </Unit10>
      <Unit11>
        <Filename Value="adminhelper_orm.pas"/>
        <IsPartOfProject Value="True"/>
        <EditorIndex Value="7"/>
        <TopLine Value="18"/>
        <CursorPos X="14" Y="30"/>
        <UsageCount Value="241"/>
        <Loaded Value="True"/>
      </Unit11>
      <Unit12>
        <Filename Value="..\HelperBots\config_loader.pas"/>
        <EditorIndex Value="-1"/>
        <CursorPos Y="10"/>
        <UsageCount Value="150"/>
      </Unit12>
      <Unit13>
        <Filename Value="actionadminhelper.pas"/>
        <IsPartOfProject Value="True"/>
        <IsVisibleTab Value="True"/>
        <TopLine Value="259"/>
        <CursorPos X="31" Y="270"/>
        <UsageCount Value="257"/>
        <Loaded Value="True"/>
      </Unit13>
      <Unit14>
        <Filename Value="adminhelper_conf.pas"/>
        <IsPartOfProject Value="True"/>
        <EditorIndex Value="8"/>
        <TopLine Value="87"/>
        <CursorPos X="15" Y="100"/>
        <UsageCount Value="207"/>
        <Loaded Value="True"/>
      </Unit14>
      <Unit15>
        <Filename Value="brokers.pas"/>
        <IsPartOfProject Value="True"/>
        <EditorIndex Value="11"/>
        <CursorPos X="83" Y="8"/>
        <UsageCount Value="200"/>
        <Loaded Value="True"/>
      </Unit15>
      <Unit16>
        <Filename Value="..\..\fp-telegram\tgsendertypes.pas"/>
        <EditorIndex Value="-1"/>
        <TopLine Value="107"/>
        <CursorPos X="43" Y="122"/>
        <UsageCount Value="29"/>
      </Unit16>
      <Unit17>
        <Filename Value="NaiveBayesClassifier\spamfilter.pas"/>
        <IsPartOfProject Value="True"/>
        <EditorIndex Value="6"/>
        <TopLine Value="277"/>
        <CursorPos X="35" Y="296"/>
        <UsageCount Value="208"/>
        <Loaded Value="True"/>
      </Unit17>
      <Unit18>
        <Filename Value="spamfilter_implementer.pas"/>
        <IsPartOfProject Value="True"/>
        <EditorIndex Value="4"/>
        <TopLine Value="20"/>
        <CursorPos X="28" Y="42"/>
        <UsageCount Value="208"/>
        <Loaded Value="True"/>
      </Unit18>
      <Unit19>
        <Filename Value="spamfilter_worker.pas"/>
        <IsPartOfProject Value="True"/>
        <EditorIndex Value="3"/>
        <TopLine Value="178"/>
        <CursorPos X="35" Y="191"/>
        <UsageCount Value="213"/>
        <Loaded Value="True"/>
      </Unit19>
      <Unit20>
        <Filename Value="telegram_cmn.pas"/>
        <IsPartOfProject Value="True"/>
        <EditorIndex Value="2"/>
        <TopLine Value="32"/>
        <CursorPos X="15" Y="42"/>
        <UsageCount Value="217"/>
        <Loaded Value="True"/>
      </Unit20>
      <Unit21>
        <Filename Value="Emoji\emojiutils.pas"/>
        <IsPartOfProject Value="True"/>
        <EditorIndex Value="5"/>
        <TopLine Value="28"/>
        <CursorPos X="10" Y="12"/>
        <UsageCount Value="256"/>
        <Loaded Value="True"/>
      </Unit21>
      <Unit22>
        <Filename Value="..\..\fp-telegram\tgtypes.pas"/>
        <EditorIndex Value="-1"/>
        <TopLine Value="1470"/>
        <CursorPos X="20" Y="1481"/>
        <UsageCount Value="9"/>
      </Unit22>
      <Unit23>
        <Filename Value="..\..\pascal-libs\dopf\brokers\dsqldbbroker.pas"/>
        <EditorIndex Value="-1"/>
        <TopLine Value="138"/>
        <CursorPos X="28" Y="151"/>
        <UsageCount Value="104"/>
      </Unit23>
      <Unit24>
        <Filename Value="..\..\brook-telegram\use\brooktelegramaction.pas"/>
        <EditorIndex Value="-1"/>
        <TopLine Value="7"/>
        <CursorPos X="20" Y="24"/>
        <UsageCount Value="1"/>
      </Unit24>
      <Unit25>
        <Filename Value="global.pas"/>
        <IsPartOfProject Value="True"/>
        <EditorIndex Value="1"/>
        <TopLine Value="10"/>
        <CursorPos X="11" Y="23"/>
        <UsageCount Value="111"/>
        <Loaded Value="True"/>
      </Unit25>
      <Unit26>
        <Filename Value="..\..\brook-telegram\use\brk_tg_config.pas"/>
        <EditorIndex Value="9"/>
        <TopLine Value="240"/>
        <CursorPos X="3" Y="99"/>
        <UsageCount Value="56"/>
        <Loaded Value="True"/>
      </Unit26>
    </Units>
    <OtherDefines Count="2">
      <Define0 Value="UseCThreads"/>
      <Define1 Value="SynapseHTTP"/>
    </OtherDefines>
    <JumpHistory Count="30" HistoryIndex="23">
      <Position1>
        <Filename Value="global.pas"/>
        <Caret Line="12" Column="31" TopLine="7"/>
      </Position1>
      <Position2>
        <Filename Value="spamfilter_worker.pas"/>
        <Caret Line="66" Column="18" TopLine="52"/>
      </Position2>
      <Position3>
        <Filename Value="spamfilter_worker.pas"/>
        <Caret Line="212" Column="3" TopLine="203"/>
      </Position3>
      <Position4>
        <Filename Value="spamfilter_worker.pas"/>
        <Caret Line="60" Column="15" TopLine="45"/>
      </Position4>
      <Position5>
        <Filename Value="spamfilter_worker.pas"/>
        <Caret Line="155" Column="3" TopLine="153"/>
      </Position5>
      <Position6>
        <Filename Value="NaiveBayesClassifier\spamfilter.pas"/>
        <Caret Line="47" Column="14" TopLine="35"/>
      </Position6>
      <Position7>
        <Filename Value="NaiveBayesClassifier\spamfilter.pas"/>
        <Caret Line="194" Column="3" TopLine="191"/>
      </Position7>
      <Position8>
        <Filename Value="NaiveBayesClassifier\spamfilter.pas"/>
        <Caret Line="48" Column="14" TopLine="37"/>
      </Position8>
      <Position9>
        <Filename Value="NaiveBayesClassifier\spamfilter.pas"/>
        <Caret Line="229" Column="32" TopLine="217"/>
      </Position9>
      <Position10>
        <Filename Value="NaiveBayesClassifier\spamfilter.pas"/>
        <Caret Line="237" Column="35" TopLine="218"/>
      </Position10>
      <Position11>
        <Filename Value="NaiveBayesClassifier\spamfilter.pas"/>
        <Caret Line="296" Column="35" TopLine="277"/>
      </Position11>
      <Position12>
        <Filename Value="global.pas"/>
        <Caret Line="23" Column="11" TopLine="7"/>
      </Position12>
      <Position13>
        <Filename Value="adminhelper_conf.pas"/>
        <Caret Line="100" Column="22" TopLine="87"/>
      </Position13>
      <Position14>
        <Filename Value="global.pas"/>
        <Caret Line="13" Column="35"/>
      </Position14>
      <Position15>
        <Filename Value="global.pas"/>
        <Caret Line="20" Column="16"/>
      </Position15>
      <Position16>
        <Filename Value="actionadminhelper.pas"/>
        <Caret Line="549" Column="36" TopLine="533"/>
      </Position16>
      <Position17>
        <Filename Value="actionadminhelper.pas"/>
        <Caret Line="33" Column="15" TopLine="21"/>
      </Position17>
      <Position18>
        <Filename Value="actionadminhelper.pas"/>
        <Caret Line="260" Column="3" TopLine="258"/>
      </Position18>
      <Position19>
        <Filename Value="adminhelper_orm.pas"/>
        <Caret Line="30" Column="14" TopLine="19"/>
      </Position19>
      <Position20>
        <Filename Value="actionadminhelper.pas"/>
        <Caret Line="260" Column="3" TopLine="260"/>
      </Position20>
      <Position21>
        <Filename Value="adminhelper_orm.pas"/>
        <Caret Line="30" Column="14" TopLine="18"/>
      </Position21>
      <Position22>
        <Filename Value="adminhelper_orm.pas"/>
        <Caret Line="219" Column="3" TopLine="216"/>
      </Position22>
      <Position23>
        <Filename Value="actionadminhelper.pas"/>
        <Caret Line="270" Column="31" TopLine="261"/>
      </Position23>
      <Position24>
        <Filename Value="adminhelper_orm.pas"/>
        <Caret Line="30" Column="14" TopLine="19"/>
      </Position24>
      <Position25>
        <Filename Value="actionadminhelper.pas"/>
        <Caret Line="270" Column="31" TopLine="258"/>
      </Position25>
      <Position26>
        <Filename Value="telegram_cmn.pas"/>
        <Caret Line="42" Column="15" TopLine="31"/>
      </Position26>
      <Position27>
        <Filename Value="telegram_cmn.pas"/>
        <Caret Line="271" Column="3" TopLine="264"/>
      </Position27>
      <Position28>
        <Filename Value="telegram_cmn.pas"/>
        <Caret Line="272" Column="27" TopLine="263"/>
      </Position28>
      <Position29>
        <Filename Value="adminhelper_orm.pas"/>
        <Caret Line="155" Column="15" TopLine="144"/>
      </Position29>
      <Position30>
        <Filename Value="adminhelper_orm.pas"/>
        <Caret Line="470" Column="3" TopLine="460"/>
      </Position30>
    </JumpHistory>
  </ProjectOptions>
  <CompilerOptions>
    <Version Value="11"/>
    <PathDelim Value="\"/>
    <Target>
      <Filename Value="adminhelperd.new"/>
    </Target>
    <SearchPaths>
      <IncludeFiles Value="$(ProjOutDir)"/>
      <OtherUnitFiles Value="..\IAmBot;NaiveBayesClassifier;Emoji"/>
    </SearchPaths>
    <Linking>
      <Options>
        <Win32>
          <GraphicApplication Value="True"/>
        </Win32>
      </Options>
    </Linking>
    <Other>
      <CustomOptions Value="-dUseCThreads"/>
    </Other>
  </CompilerOptions>
  <Debugging>
    <Exceptions Count="3">
      <Item1>
        <Name Value="EAbort"/>
      </Item1>
      <Item2>
        <Name Value="ECodetoolError"/>
      </Item2>
      <Item3>
        <Name Value="EFOpenError"/>
      </Item3>
    </Exceptions>
  </Debugging>
</CONFIG>
