<?xml version="1.0" encoding="UTF-8"?>
<CONFIG>
  <ProjectOptions>
    <Version Value="12"/>
    <PathDelim Value="\"/>
    <General>
      <Flags>
        <MainUnitHasCreateFormStatements Value="False"/>
        <MainUnitHasTitleStatement Value="False"/>
        <MainUnitHasScaledStatement Value="False"/>
        <CompatibilityMode Value="True"/>
      </Flags>
      <Title Value="adminhelperd"/>
      <UseAppBundle Value="False"/>
      <ResourceType Value="res"/>
    </General>
    <i18n>
      <EnableI18N Value="True"/>
      <OutDir Value="\languages"/>
    </i18n>
    <VersionInfo>
      <UseVersionInfo Value="True"/>
      <AutoIncrementBuild Value="True"/>
      <MinorVersionNr Value="1"/>
      <RevisionNr Value="1"/>
      <BuildNr Value="31"/>
    </VersionInfo>
    <BuildModes Count="4" Active="Linux">
      <Item1 Name="Default" Default="True"/>
      <Item2 Name="Debug">
        <CompilerOptions>
          <Version Value="11"/>
          <PathDelim Value="\"/>
          <Target>
            <Filename Value="adminhelperd.new"/>
          </Target>
          <SearchPaths>
            <IncludeFiles Value="$(ProjOutDir)"/>
            <OtherUnitFiles Value="NaiveBayesClassifier;Emoji"/>
            <UnitOutputDirectory Value="lib\$(TargetCPU)-$(TargetOS)"/>
          </SearchPaths>
          <Parsing>
            <SyntaxOptions>
              <IncludeAssertionCode Value="True"/>
            </SyntaxOptions>
          </Parsing>
          <CodeGeneration>
            <Checks>
              <IOChecks Value="True"/>
              <RangeChecks Value="True"/>
              <OverflowChecks Value="True"/>
              <StackChecks Value="True"/>
            </Checks>
            <VerifyObjMethodCallValidity Value="True"/>
          </CodeGeneration>
          <Linking>
            <Debugging>
              <DebugInfoType Value="dsDwarf2Set"/>
              <UseHeaptrc Value="True"/>
              <TrashVariables Value="True"/>
              <UseExternalDbgSyms Value="True"/>
            </Debugging>
            <Options>
              <Win32>
                <GraphicApplication Value="True"/>
              </Win32>
            </Options>
          </Linking>
          <Other>
            <CustomOptions Value="-dUseCThreads"/>
          </Other>
        </CompilerOptions>
      </Item2>
      <Item3 Name="Release">
        <CompilerOptions>
          <Version Value="11"/>
          <PathDelim Value="\"/>
          <Target>
            <Filename Value="adminhelperd.new"/>
          </Target>
          <SearchPaths>
            <IncludeFiles Value="$(ProjOutDir)"/>
            <OtherUnitFiles Value="NaiveBayesClassifier;Emoji"/>
          </SearchPaths>
          <CodeGeneration>
            <SmartLinkUnit Value="True"/>
            <Optimizations>
              <OptimizationLevel Value="3"/>
            </Optimizations>
          </CodeGeneration>
          <Linking>
            <Debugging>
              <GenerateDebugInfo Value="False"/>
            </Debugging>
            <LinkSmart Value="True"/>
          </Linking>
          <Other>
            <CompilerMessages>
              <IgnoredMessages idx6058="True"/>
            </CompilerMessages>
            <CustomOptions Value="-dUseCThreads"/>
          </Other>
        </CompilerOptions>
      </Item3>
      <Item4 Name="Linux">
        <MacroValues Count="1">
          <Macro1 Name="LCLWidgetType" Value="nogui"/>
        </MacroValues>
        <CompilerOptions>
          <Version Value="11"/>
          <PathDelim Value="\"/>
          <Target>
            <Filename Value="adminhelperd.new"/>
          </Target>
          <SearchPaths>
            <IncludeFiles Value="$(ProjOutDir)"/>
            <OtherUnitFiles Value="NaiveBayesClassifier;Emoji"/>
            <UnitOutputDirectory Value="lib\$(TargetCPU)-$(TargetOS)"/>
          </SearchPaths>
          <CodeGeneration>
            <SmartLinkUnit Value="True"/>
            <TargetCPU Value="x86_64"/>
            <TargetOS Value="linux"/>
            <Optimizations>
              <OptimizationLevel Value="3"/>
            </Optimizations>
          </CodeGeneration>
          <Linking>
            <Debugging>
              <GenerateDebugInfo Value="False"/>
              <DebugInfoType Value="dsDwarf2Set"/>
              <StripSymbols Value="True"/>
            </Debugging>
            <LinkSmart Value="True"/>
          </Linking>
          <Other>
            <CompilerMessages>
              <IgnoredMessages idx6058="True" idx3124="True" idx3123="True" idx3104="True"/>
            </CompilerMessages>
            <CustomOptions Value="-dUseCThreads -dpoi18n"/>
            <OtherDefines Count="2">
              <Define0 Value="UseCThreads"/>
              <Define1 Value="SynapseHTTP"/>
            </OtherDefines>
          </Other>
        </CompilerOptions>
      </Item4>
      <SharedMatrixOptions Count="1">
        <Item1 ID="405140618928" Modes="Linux" Type="IDEMacro" MacroName="LCLWidgetType" Value="nogui"/>
      </SharedMatrixOptions>
    </BuildModes>
    <PublishOptions>
      <Version Value="2"/>
    </PublishOptions>
    <RunParams>
      <local>
        <CommandLineParams Value="--install"/>
      </local>
      <FormatVersion Value="2"/>
      <Modes Count="1">
        <Mode0 Name="default">
          <local>
            <CommandLineParams Value="--install"/>
          </local>
        </Mode0>
      </Modes>
    </RunParams>
    <RequiredPackages Count="7">
      <Item1>
        <PackageName Value="TaskWorkerPkg"/>
      </Item1>
      <Item2>
        <PackageName Value="BrookRT"/>
      </Item2>
      <Item3>
        <PackageName Value="brooktb"/>
      </Item3>
      <Item4>
        <PackageName Value="BrookTelegram"/>
      </Item4>
      <Item5>
        <PackageName Value="dOpfRT"/>
      </Item5>
      <Item6>
        <PackageName Value="LazUtils"/>
      </Item6>
      <Item7>
        <PackageName Value="fptelegram"/>
        <MinVersion Release="10" Valid="True"/>
      </Item7>
    </RequiredPackages>
    <Units Count="32">
      <Unit0>
        <Filename Value="adminhelperd.lpr"/>
        <IsPartOfProject Value="True"/>
        <EditorIndex Value="10"/>
        <CursorPos X="42" Y="8"/>
        <UsageCount Value="200"/>
        <Loaded Value="True"/>
      </Unit0>
      <Unit1>
        <Filename Value="..\HelperBots\brokers.pas"/>
        <EditorIndex Value="-1"/>
        <CursorPos X="33" Y="14"/>
        <UsageCount Value="5"/>
      </Unit1>
      <Unit2>
        <Filename Value="..\HelperBots\configuration.pas"/>
        <EditorIndex Value="-1"/>
        <TopLine Value="34"/>
        <CursorPos X="31" Y="30"/>
        <UsageCount Value="12"/>
      </Unit2>
      <Unit3>
        <Filename Value="..\HelperBots\str_resources.pas"/>
        <EditorIndex Value="-1"/>
        <TopLine Value="4"/>
        <CursorPos X="76" Y="10"/>
        <UsageCount Value="45"/>
      </Unit3>
      <Unit4>
        <Filename Value="..\brook-telegram\brooktelegramaction.pas"/>
        <EditorIndex Value="-1"/>
        <CursorPos X="3" Y="61"/>
        <UsageCount Value="68"/>
      </Unit4>
      <Unit5>
        <Filename Value="C:\lazarus-stable\ccr\brookfreepascal\brokers\Tardigrade\brooktardigradebroker.pas"/>
        <UnitName Value="BrookTardigradeBroker"/>
        <EditorIndex Value="-1"/>
        <TopLine Value="28"/>
        <CursorPos X="14" Y="41"/>
        <UsageCount Value="119"/>
      </Unit5>
      <Unit6>
        <Filename Value="..\HelperBots\proxyutils.pas"/>
        <EditorIndex Value="-1"/>
        <TopLine Value="50"/>
        <CursorPos X="3" Y="101"/>
        <UsageCount Value="49"/>
      </Unit6>
      <Unit7>
        <Filename Value="..\taskworker\taskworker.pas"/>
        <EditorIndex Value="-1"/>
        <TopLine Value="24"/>
        <CursorPos X="15" Y="36"/>
        <UsageCount Value="73"/>
      </Unit7>
      <Unit8>
        <Filename Value="..\HelperBots\actionalgebric.pas"/>
        <EditorIndex Value="-1"/>
        <TopLine Value="715"/>
        <CursorPos X="24" Y="722"/>
        <UsageCount Value="30"/>
      </Unit8>
      <Unit9>
        <Filename Value="..\HelperBots\actionalgebricbot.pas"/>
        <EditorIndex Value="-1"/>
        <TopLine Value="57"/>
        <CursorPos X="3" Y="15"/>
        <UsageCount Value="16"/>
      </Unit9>
      <Unit10>
        <Filename Value="..\brook-telegram\brk_tg_config.pas"/>
        <EditorIndex Value="-1"/>
        <TopLine Value="103"/>
        <CursorPos X="11" Y="116"/>
        <UsageCount Value="103"/>
      </Unit10>
      <Unit11>
        <Filename Value="..\CurrencyRates\cbrvalutes.pas"/>
        <EditorIndex Value="-1"/>
        <TopLine Value="208"/>
        <CursorPos X="3" Y="92"/>
        <UsageCount Value="40"/>
      </Unit11>
      <Unit12>
        <Filename Value="..\CurrencyRates\cryptocompare.pas"/>
        <EditorIndex Value="-1"/>
        <TopLine Value="32"/>
        <CursorPos X="3" Y="104"/>
        <UsageCount Value="40"/>
      </Unit12>
      <Unit13>
        <Filename Value="..\HelperBots\amanexbot.pas"/>
        <EditorIndex Value="-1"/>
        <TopLine Value="349"/>
        <CursorPos X="33" Y="365"/>
        <UsageCount Value="5"/>
      </Unit13>
      <Unit14>
        <Filename Value="..\HelperBots\amanex_orm.pas"/>
        <EditorIndex Value="-1"/>
        <TopLine Value="70"/>
        <CursorPos Y="94"/>
        <UsageCount Value="25"/>
      </Unit14>
      <Unit15>
        <Filename Value="adminhelper_orm.pas"/>
        <IsPartOfProject Value="True"/>
        <EditorIndex Value="7"/>
        <TopLine Value="292"/>
        <CursorPos X="27" Y="295"/>
        <UsageCount Value="241"/>
        <Loaded Value="True"/>
      </Unit15>
      <Unit16>
        <Filename Value="..\HelperBots\config_loader.pas"/>
        <EditorIndex Value="-1"/>
        <CursorPos Y="10"/>
        <UsageCount Value="171"/>
      </Unit16>
      <Unit17>
        <Filename Value="..\botbulksender\botbulk.pas"/>
        <UnitName Value="BotBulk"/>
        <EditorIndex Value="-1"/>
        <TopLine Value="196"/>
        <CursorPos Y="219"/>
        <UsageCount Value="16"/>
      </Unit17>
      <Unit18>
        <Filename Value="actionadminhelper.pas"/>
        <IsPartOfProject Value="True"/>
        <TopLine Value="239"/>
        <CursorPos X="25" Y="247"/>
        <UsageCount Value="257"/>
        <Loaded Value="True"/>
      </Unit18>
      <Unit19>
        <Filename Value="adminhelper_conf.pas"/>
        <IsPartOfProject Value="True"/>
        <EditorIndex Value="9"/>
        <TopLine Value="64"/>
        <CursorPos X="40" Y="76"/>
        <UsageCount Value="207"/>
        <Loaded Value="True"/>
      </Unit19>
      <Unit20>
        <Filename Value="brokers.pas"/>
        <IsPartOfProject Value="True"/>
        <EditorIndex Value="11"/>
        <CursorPos X="83" Y="8"/>
        <UsageCount Value="200"/>
        <Loaded Value="True"/>
      </Unit20>
      <Unit21>
        <Filename Value="..\..\brook-telegram\brooktelegramaction.pas"/>
        <EditorIndex Value="-1"/>
        <TopLine Value="12"/>
        <CursorPos X="17" Y="25"/>
        <UsageCount Value="11"/>
      </Unit21>
      <Unit22>
        <Filename Value="..\..\fp-telegram\tgsendertypes.pas"/>
        <IsVisibleTab Value="True"/>
        <EditorIndex Value="2"/>
        <TopLine Value="107"/>
        <CursorPos X="20" Y="116"/>
        <UsageCount Value="50"/>
        <Loaded Value="True"/>
      </Unit22>
      <Unit23>
        <Filename Value="NaiveBayesClassifier\spamfilter.pas"/>
        <IsPartOfProject Value="True"/>
        <EditorIndex Value="6"/>
        <TopLine Value="47"/>
        <CursorPos X="26" Y="60"/>
        <UsageCount Value="208"/>
        <Loaded Value="True"/>
      </Unit23>
      <Unit24>
        <Filename Value="spamfilter_implementer.pas"/>
        <IsPartOfProject Value="True"/>
        <EditorIndex Value="4"/>
        <TopLine Value="20"/>
        <CursorPos X="28" Y="42"/>
        <UsageCount Value="208"/>
        <Loaded Value="True"/>
      </Unit24>
      <Unit25>
        <Filename Value="spamfilter_worker.pas"/>
        <IsPartOfProject Value="True"/>
        <EditorIndex Value="3"/>
        <TopLine Value="24"/>
        <CursorPos X="17" Y="34"/>
        <UsageCount Value="213"/>
        <Loaded Value="True"/>
      </Unit25>
      <Unit26>
        <Filename Value="..\..\taskworker\taskworker.pas"/>
        <EditorIndex Value="-1"/>
        <TopLine Value="10"/>
        <CursorPos X="16" Y="26"/>
        <UsageCount Value="18"/>
      </Unit26>
      <Unit27>
        <Filename Value="telegram_cmn.pas"/>
        <IsPartOfProject Value="True"/>
        <EditorIndex Value="1"/>
        <TopLine Value="418"/>
        <CursorPos X="85" Y="431"/>
        <UsageCount Value="217"/>
        <Loaded Value="True"/>
      </Unit27>
      <Unit28>
        <Filename Value="Emoji\emojiutils.pas"/>
        <IsPartOfProject Value="True"/>
        <EditorIndex Value="5"/>
        <TopLine Value="28"/>
        <CursorPos X="10" Y="12"/>
        <UsageCount Value="256"/>
        <Loaded Value="True"/>
      </Unit28>
      <Unit29>
        <Filename Value="..\..\fp-telegram\tgtypes.pas"/>
        <EditorIndex Value="-1"/>
        <TopLine Value="1470"/>
        <CursorPos X="20" Y="1481"/>
        <UsageCount Value="30"/>
      </Unit29>
      <Unit30>
        <Filename Value="..\..\pascal-libs\dopf\brokers\dsqldbbroker.pas"/>
        <EditorIndex Value="8"/>
        <TopLine Value="138"/>
        <CursorPos X="28" Y="151"/>
        <UsageCount Value="99"/>
        <Loaded Value="True"/>
      </Unit30>
      <Unit31>
        <Filename Value="C:\laz-4.6\fpcsrc\packages\fcl-json\src\fpjson.pp"/>
        <EditorIndex Value="-1"/>
        <TopLine Value="545"/>
        <CursorPos X="14" Y="555"/>
        <UsageCount Value="9"/>
      </Unit31>
    </Units>
    <OtherDefines Count="2">
      <Define0 Value="UseCThreads"/>
      <Define1 Value="SynapseHTTP"/>
    </OtherDefines>
    <JumpHistory Count="30" HistoryIndex="29">
      <Position1>
        <Filename Value="..\..\fp-telegram\tgsendertypes.pas"/>
        <Caret Line="176" Column="15" TopLine="165"/>
      </Position1>
      <Position2>
        <Filename Value="..\..\fp-telegram\tgsendertypes.pas"/>
        <Caret Line="771" Column="19" TopLine="751"/>
      </Position2>
      <Position3>
        <Filename Value="..\..\fp-telegram\tgsendertypes.pas"/>
        <Caret Line="865" Column="19" TopLine="845"/>
      </Position3>
      <Position4>
        <Filename Value="..\..\fp-telegram\tgsendertypes.pas"/>
        <Caret Line="1707" Column="34" TopLine="1687"/>
      </Position4>
      <Position5>
        <Filename Value="..\..\fp-telegram\tgsendertypes.pas"/>
        <Caret Line="1709" Column="26" TopLine="1689"/>
      </Position5>
      <Position6>
        <Filename Value="..\..\fp-telegram\tgsendertypes.pas"/>
        <Caret Line="1729" Column="5" TopLine="1707"/>
      </Position6>
      <Position7>
        <Filename Value="..\..\fp-telegram\tgsendertypes.pas"/>
        <Caret Line="115" Column="30" TopLine="115"/>
      </Position7>
      <Position8>
        <Filename Value="..\..\fp-telegram\tgsendertypes.pas"/>
        <Caret Line="1734" Column="23" TopLine="1713"/>
      </Position8>
      <Position9>
        <Filename Value="telegram_cmn.pas"/>
        <Caret Line="387" Column="25" TopLine="373"/>
      </Position9>
      <Position10>
        <Filename Value="..\..\fp-telegram\tgsendertypes.pas"/>
        <Caret Line="1726" Column="37" TopLine="1715"/>
      </Position10>
      <Position11>
        <Filename Value="telegram_cmn.pas"/>
        <Caret Line="387" Column="15" TopLine="371"/>
      </Position11>
      <Position12>
        <Filename Value="telegram_cmn.pas"/>
        <Caret Line="343" Column="17" TopLine="320"/>
      </Position12>
      <Position13>
        <Filename Value="telegram_cmn.pas"/>
        <Caret Line="196" Column="62" TopLine="185"/>
      </Position13>
      <Position14>
        <Filename Value="telegram_cmn.pas"/>
        <Caret Line="198" Column="22" TopLine="185"/>
      </Position14>
      <Position15>
        <Filename Value="telegram_cmn.pas"/>
        <Caret Line="201" Column="20" TopLine="185"/>
      </Position15>
      <Position16>
        <Filename Value="telegram_cmn.pas"/>
        <Caret Line="208" Column="20" TopLine="188"/>
      </Position16>
      <Position17>
        <Filename Value="telegram_cmn.pas"/>
        <Caret Line="213" Column="20" TopLine="193"/>
      </Position17>
      <Position18>
        <Filename Value="telegram_cmn.pas"/>
        <Caret Line="217" Column="54" TopLine="197"/>
      </Position18>
      <Position19>
        <Filename Value="telegram_cmn.pas"/>
        <Caret Line="220" Column="56" TopLine="200"/>
      </Position19>
      <Position20>
        <Filename Value="telegram_cmn.pas"/>
        <Caret Line="251" Column="109" TopLine="237"/>
      </Position20>
      <Position21>
        <Filename Value="telegram_cmn.pas"/>
        <Caret Line="257" Column="70" TopLine="237"/>
      </Position21>
      <Position22>
        <Filename Value="telegram_cmn.pas"/>
        <Caret Line="259" Column="91" TopLine="239"/>
      </Position22>
      <Position23>
        <Filename Value="telegram_cmn.pas"/>
        <Caret Line="273" Column="110" TopLine="253"/>
      </Position23>
      <Position24>
        <Filename Value="telegram_cmn.pas"/>
        <Caret Line="279" Column="70" TopLine="259"/>
      </Position24>
      <Position25>
        <Filename Value="telegram_cmn.pas"/>
        <Caret Line="295" Column="34" TopLine="284"/>
      </Position25>
      <Position26>
        <Filename Value="telegram_cmn.pas"/>
        <Caret Line="297" Column="42" TopLine="284"/>
      </Position26>
      <Position27>
        <Filename Value="telegram_cmn.pas"/>
        <Caret Line="320" Column="37" TopLine="300"/>
      </Position27>
      <Position28>
        <Filename Value="telegram_cmn.pas"/>
        <Caret Line="422" Column="70" TopLine="403"/>
      </Position28>
      <Position29>
        <Filename Value="telegram_cmn.pas"/>
        <Caret Line="429" Column="74" TopLine="410"/>
      </Position29>
      <Position30>
        <Filename Value="telegram_cmn.pas"/>
        <Caret Line="430" Column="58" TopLine="411"/>
      </Position30>
    </JumpHistory>
  </ProjectOptions>
  <CompilerOptions>
    <Version Value="11"/>
    <PathDelim Value="\"/>
    <Target>
      <Filename Value="adminhelperd.new"/>
    </Target>
    <SearchPaths>
      <IncludeFiles Value="$(ProjOutDir)"/>
      <OtherUnitFiles Value="..\IAmBot;NaiveBayesClassifier;Emoji"/>
    </SearchPaths>
    <Linking>
      <Options>
        <Win32>
          <GraphicApplication Value="True"/>
        </Win32>
      </Options>
    </Linking>
    <Other>
      <CustomOptions Value="-dUseCThreads"/>
    </Other>
  </CompilerOptions>
  <Debugging>
    <Exceptions Count="3">
      <Item1>
        <Name Value="EAbort"/>
      </Item1>
      <Item2>
        <Name Value="ECodetoolError"/>
      </Item2>
      <Item3>
        <Name Value="EFOpenError"/>
      </Item3>
    </Exceptions>
  </Debugging>
</CONFIG>
